
Microsoft Visual Studio Solution File, Format Version 12.00
# Visual Studio Version 17
VisualStudioVersion = 17.3.32901.215
MinimumVisualStudioVersion = 10.0.40219.1
Project("{FAE04EC0-301F-11D3-BF4B-00C04F79EFBC}") = "WpfApp3", "WpfApp3\WpfApp3.csproj", "{A5CC3377-B660-4E80-83DE-99B21AA7F935}"
EndProject
Global
	GlobalSection(SolutionConfigurationPlatforms) = preSolution
		Debug|Any CPU = Debug|Any CPU
		Release|Any CPU = Release|Any CPU
	EndGlobalSection
	GlobalSection(ProjectConfigurationPlatforms) = postSolution
		{A5CC3377-B660-4E80-83DE-99B21AA7F935}.Debug|Any CPU.ActiveCfg = Debug|Any CPU
		{A5CC3377-B660-4E80-83DE-99B21AA7F935}.Debug|Any CPU.Build.0 = Debug|Any CPU
		{A5CC3377-B660-4E80-83DE-99B21AA7F935}.Release|Any CPU.ActiveCfg = Release|Any CPU
		{A5CC3377-B660-4E80-83DE-99B21AA7F935}.Release|Any CPU.Build.0 = Release|Any CPU
	EndGlobalSection
	GlobalSection(SolutionProperties) = preSolution
		HideSolutionNode = FALSE
	EndGlobalSection
	GlobalSection(ExtensibilityGlobals) = postSolution
		SolutionGuid = {0567968F-23B0-4505-806F-9CB519D353F4}
	EndGlobalSection
EndGlobal
